
Microsoft Visual Studio Solution File, Format Version 12.00
# Visual Studio 15
VisualStudioVersion = 15.0.27130.2027
MinimumVisualStudioVersion = 10.0.40219.1
Project("{FAE04EC0-301F-11D3-BF4B-00C04F79EFBC}") = "ClassroomManagementApplication", "ClassroomManagementApplication\ClassroomManagementApplication.csproj", "{F0C04406-37E8-434D-8C15-E4A20013820D}"
EndProject
Project("{FAE04EC0-301F-11D3-BF4B-00C04F79EFBC}") = "ClassroomManagementApplication.Tests", "ClassroomManagementApplication.Tests\ClassroomManagementApplication.Tests.csproj", "{838C8B30-3E8A-4E01-AC90-86D24E91248E}"
EndProject
Global
	GlobalSection(SolutionConfigurationPlatforms) = preSolution
		Debug|Any CPU = Debug|Any CPU
		Release|Any CPU = Release|Any CPU
	EndGlobalSection
	GlobalSection(ProjectConfigurationPlatforms) = postSolution
		{F0C04406-37E8-434D-8C15-E4A20013820D}.Debug|Any CPU.ActiveCfg = Debug|Any CPU
		{F0C04406-37E8-434D-8C15-E4A20013820D}.Debug|Any CPU.Build.0 = Debug|Any CPU
		{F0C04406-37E8-434D-8C15-E4A20013820D}.Release|Any CPU.ActiveCfg = Release|Any CPU
		{F0C04406-37E8-434D-8C15-E4A20013820D}.Release|Any CPU.Build.0 = Release|Any CPU
		{838C8B30-3E8A-4E01-AC90-86D24E91248E}.Debug|Any CPU.ActiveCfg = Debug|Any CPU
		{838C8B30-3E8A-4E01-AC90-86D24E91248E}.Debug|Any CPU.Build.0 = Debug|Any CPU
		{838C8B30-3E8A-4E01-AC90-86D24E91248E}.Release|Any CPU.ActiveCfg = Release|Any CPU
		{838C8B30-3E8A-4E01-AC90-86D24E91248E}.Release|Any CPU.Build.0 = Release|Any CPU
	EndGlobalSection
	GlobalSection(SolutionProperties) = preSolution
		HideSolutionNode = FALSE
	EndGlobalSection
	GlobalSection(ExtensibilityGlobals) = postSolution
		SolutionGuid = {4324EBC1-52ED-47AD-ABA0-0BC252FD2969}
	EndGlobalSection
EndGlobal
